
Microsoft Visual Studio Solution File, Format Version 12.00
# Visual Studio Version 16
VisualStudioVersion = 16.0.29806.167
MinimumVisualStudioVersion = 10.0.40219.1
Project("{9A19103F-16F7-4668-BE54-9A1E7A4F7556}") = "HMA.API", "HMA.API\HMA.API.csproj", "{807E1CB9-48E0-467A-9E29-AF564BD8D55D}"
EndProject
Project("{9A19103F-16F7-4668-BE54-9A1E7A4F7556}") = "HMA.DAL", "HMA.DAL\HMA.DAL.csproj", "{53538946-0C92-40DD-A8CD-EF38E7AC3718}"
EndProject
Project("{9A19103F-16F7-4668-BE54-9A1E7A4F7556}") = "HMA.DI", "HMA.DI\HMA.DI.csproj", "{6512F612-46DF-4A74-9649-6F682384579A}"
EndProject
Project("{9A19103F-16F7-4668-BE54-9A1E7A4F7556}") = "HMA.AutoMapper", "HMA.AutoMapper\HMA.AutoMapper.csproj", "{9C5FB9B5-571B-4687-A1F9-8DEB59FC81E6}"
EndProject
Project("{9A19103F-16F7-4668-BE54-9A1E7A4F7556}") = "HMA.Infrastructure", "HMA.Infrastructure\HMA.Infrastructure.csproj", "{E219E1E8-1DC1-423D-9386-BD48E6226C67}"
EndProject
Project("{FAE04EC0-301F-11D3-BF4B-00C04F79EFBC}") = "HMA.BLL.Tier1", "HMA.BLL.Tier1\HMA.BLL.Tier1.csproj", "{52EDC4D9-2C5B-48DA-8F2C-47804A07E466}"
EndProject
Project("{FAE04EC0-301F-11D3-BF4B-00C04F79EFBC}") = "HMA.BLL.Tier2", "HMA.BLL.Tier2\HMA.BLL.Tier2.csproj", "{C64CBB03-3EEC-4FBC-A537-3930090976A2}"
EndProject
Project("{FAE04EC0-301F-11D3-BF4B-00C04F79EFBC}") = "HMA.BLL.Tier3", "HMA.BLL.Tier3\HMA.BLL.Tier3.csproj", "{8F4E5167-A7E9-4B47-88DD-13E3E5DF3FFB}"
EndProject
Project("{2150E333-8FDC-42A3-9474-1A3956D46DE8}") = "BLL", "BLL", "{4C5D5992-386A-4618-8A3C-2813D421EAB0}"
EndProject
Project("{FAE04EC0-301F-11D3-BF4B-00C04F79EFBC}") = "HMA.DTO.Models", "HMA.DTO.Models\HMA.DTO.Models.csproj", "{497C5C90-04E3-4A6B-B38B-4A661F83552A}"
EndProject
Project("{FAE04EC0-301F-11D3-BF4B-00C04F79EFBC}") = "HMA.DTO.ViewModels", "HMA.DTO.ViewModels\HMA.DTO.ViewModels.csproj", "{82B19D4E-C20E-49DA-ACA6-BE918A29279F}"
EndProject
Global
	GlobalSection(SolutionConfigurationPlatforms) = preSolution
		Debug|Any CPU = Debug|Any CPU
		Release|Any CPU = Release|Any CPU
	EndGlobalSection
	GlobalSection(ProjectConfigurationPlatforms) = postSolution
		{807E1CB9-48E0-467A-9E29-AF564BD8D55D}.Debug|Any CPU.ActiveCfg = Debug|Any CPU
		{807E1CB9-48E0-467A-9E29-AF564BD8D55D}.Debug|Any CPU.Build.0 = Debug|Any CPU
		{807E1CB9-48E0-467A-9E29-AF564BD8D55D}.Release|Any CPU.ActiveCfg = Release|Any CPU
		{807E1CB9-48E0-467A-9E29-AF564BD8D55D}.Release|Any CPU.Build.0 = Release|Any CPU
		{53538946-0C92-40DD-A8CD-EF38E7AC3718}.Debug|Any CPU.ActiveCfg = Debug|Any CPU
		{53538946-0C92-40DD-A8CD-EF38E7AC3718}.Debug|Any CPU.Build.0 = Debug|Any CPU
		{53538946-0C92-40DD-A8CD-EF38E7AC3718}.Release|Any CPU.ActiveCfg = Release|Any CPU
		{53538946-0C92-40DD-A8CD-EF38E7AC3718}.Release|Any CPU.Build.0 = Release|Any CPU
		{6512F612-46DF-4A74-9649-6F682384579A}.Debug|Any CPU.ActiveCfg = Debug|Any CPU
		{6512F612-46DF-4A74-9649-6F682384579A}.Debug|Any CPU.Build.0 = Debug|Any CPU
		{6512F612-46DF-4A74-9649-6F682384579A}.Release|Any CPU.ActiveCfg = Release|Any CPU
		{6512F612-46DF-4A74-9649-6F682384579A}.Release|Any CPU.Build.0 = Release|Any CPU
		{9C5FB9B5-571B-4687-A1F9-8DEB59FC81E6}.Debug|Any CPU.ActiveCfg = Debug|Any CPU
		{9C5FB9B5-571B-4687-A1F9-8DEB59FC81E6}.Debug|Any CPU.Build.0 = Debug|Any CPU
		{9C5FB9B5-571B-4687-A1F9-8DEB59FC81E6}.Release|Any CPU.ActiveCfg = Release|Any CPU
		{9C5FB9B5-571B-4687-A1F9-8DEB59FC81E6}.Release|Any CPU.Build.0 = Release|Any CPU
		{E219E1E8-1DC1-423D-9386-BD48E6226C67}.Debug|Any CPU.ActiveCfg = Debug|Any CPU
		{E219E1E8-1DC1-423D-9386-BD48E6226C67}.Debug|Any CPU.Build.0 = Debug|Any CPU
		{E219E1E8-1DC1-423D-9386-BD48E6226C67}.Release|Any CPU.ActiveCfg = Release|Any CPU
		{E219E1E8-1DC1-423D-9386-BD48E6226C67}.Release|Any CPU.Build.0 = Release|Any CPU
		{52EDC4D9-2C5B-48DA-8F2C-47804A07E466}.Debug|Any CPU.ActiveCfg = Debug|Any CPU
		{52EDC4D9-2C5B-48DA-8F2C-47804A07E466}.Debug|Any CPU.Build.0 = Debug|Any CPU
		{52EDC4D9-2C5B-48DA-8F2C-47804A07E466}.Release|Any CPU.ActiveCfg = Release|Any CPU
		{52EDC4D9-2C5B-48DA-8F2C-47804A07E466}.Release|Any CPU.Build.0 = Release|Any CPU
		{C64CBB03-3EEC-4FBC-A537-3930090976A2}.Debug|Any CPU.ActiveCfg = Debug|Any CPU
		{C64CBB03-3EEC-4FBC-A537-3930090976A2}.Debug|Any CPU.Build.0 = Debug|Any CPU
		{C64CBB03-3EEC-4FBC-A537-3930090976A2}.Release|Any CPU.ActiveCfg = Release|Any CPU
		{C64CBB03-3EEC-4FBC-A537-3930090976A2}.Release|Any CPU.Build.0 = Release|Any CPU
		{8F4E5167-A7E9-4B47-88DD-13E3E5DF3FFB}.Debug|Any CPU.ActiveCfg = Debug|Any CPU
		{8F4E5167-A7E9-4B47-88DD-13E3E5DF3FFB}.Debug|Any CPU.Build.0 = Debug|Any CPU
		{8F4E5167-A7E9-4B47-88DD-13E3E5DF3FFB}.Release|Any CPU.ActiveCfg = Release|Any CPU
		{8F4E5167-A7E9-4B47-88DD-13E3E5DF3FFB}.Release|Any CPU.Build.0 = Release|Any CPU
		{497C5C90-04E3-4A6B-B38B-4A661F83552A}.Debug|Any CPU.ActiveCfg = Debug|Any CPU
		{497C5C90-04E3-4A6B-B38B-4A661F83552A}.Debug|Any CPU.Build.0 = Debug|Any CPU
		{497C5C90-04E3-4A6B-B38B-4A661F83552A}.Release|Any CPU.ActiveCfg = Release|Any CPU
		{497C5C90-04E3-4A6B-B38B-4A661F83552A}.Release|Any CPU.Build.0 = Release|Any CPU
		{82B19D4E-C20E-49DA-ACA6-BE918A29279F}.Debug|Any CPU.ActiveCfg = Debug|Any CPU
		{82B19D4E-C20E-49DA-ACA6-BE918A29279F}.Debug|Any CPU.Build.0 = Debug|Any CPU
		{82B19D4E-C20E-49DA-ACA6-BE918A29279F}.Release|Any CPU.ActiveCfg = Release|Any CPU
		{82B19D4E-C20E-49DA-ACA6-BE918A29279F}.Release|Any CPU.Build.0 = Release|Any CPU
	EndGlobalSection
	GlobalSection(SolutionProperties) = preSolution
		HideSolutionNode = FALSE
	EndGlobalSection
	GlobalSection(NestedProjects) = preSolution
		{52EDC4D9-2C5B-48DA-8F2C-47804A07E466} = {4C5D5992-386A-4618-8A3C-2813D421EAB0}
		{C64CBB03-3EEC-4FBC-A537-3930090976A2} = {4C5D5992-386A-4618-8A3C-2813D421EAB0}
		{8F4E5167-A7E9-4B47-88DD-13E3E5DF3FFB} = {4C5D5992-386A-4618-8A3C-2813D421EAB0}
	EndGlobalSection
	GlobalSection(ExtensibilityGlobals) = postSolution
		SolutionGuid = {338E0F6D-6BD0-42D1-83F3-C37223002F21}
	EndGlobalSection
EndGlobal
