
Microsoft Visual Studio Solution File, Format Version 12.00
# Visual Studio Version 16
VisualStudioVersion = 16.0.29806.167
MinimumVisualStudioVersion = 10.0.40219.1
Project("{9A19103F-16F7-4668-BE54-9A1E7A4F7556}") = "HMA.API", "HMA.API\HMA.API.csproj", "{807E1CB9-48E0-467A-9E29-AF564BD8D55D}"
EndProject
Project("{9A19103F-16F7-4668-BE54-9A1E7A4F7556}") = "HMA.DAL", "HMA.DAL\HMA.DAL.csproj", "{53538946-0C92-40DD-A8CD-EF38E7AC3718}"
EndProject
Project("{9A19103F-16F7-4668-BE54-9A1E7A4F7556}") = "HMA.DI", "HMA.DI\HMA.DI.csproj", "{6512F612-46DF-4A74-9649-6F682384579A}"
EndProject
Project("{9A19103F-16F7-4668-BE54-9A1E7A4F7556}") = "HMA.AutoMapper", "HMA.AutoMapper\HMA.AutoMapper.csproj", "{9C5FB9B5-571B-4687-A1F9-8DEB59FC81E6}"
EndProject
Project("{9A19103F-16F7-4668-BE54-9A1E7A4F7556}") = "HMA.Infrastructure", "HMA.Infrastructure\HMA.Infrastructure.csproj", "{E219E1E8-1DC1-423D-9386-BD48E6226C67}"
EndProject
Project("{9A19103F-16F7-4668-BE54-9A1E7A4F7556}") = "HMA.BLL.Tier1", "HMA.BLL.Tier1\HMA.BLL.Tier1.csproj", "{52EDC4D9-2C5B-48DA-8F2C-47804A07E466}"
EndProject
Project("{9A19103F-16F7-4668-BE54-9A1E7A4F7556}") = "HMA.BLL.Tier2", "HMA.BLL.Tier2\HMA.BLL.Tier2.csproj", "{C64CBB03-3EEC-4FBC-A537-3930090976A2}"
EndProject
Project("{9A19103F-16F7-4668-BE54-9A1E7A4F7556}") = "HMA.BLL.Tier3", "HMA.BLL.Tier3\HMA.BLL.Tier3.csproj", "{8F4E5167-A7E9-4B47-88DD-13E3E5DF3FFB}"
EndProject
Project("{9A19103F-16F7-4668-BE54-9A1E7A4F7556}") = "HMA.DTO.Models", "HMA.DTO.Models\HMA.DTO.Models.csproj", "{497C5C90-04E3-4A6B-B38B-4A661F83552A}"
EndProject
Project("{9A19103F-16F7-4668-BE54-9A1E7A4F7556}") = "HMA.DTO.ViewModels", "HMA.DTO.ViewModels\HMA.DTO.ViewModels.csproj", "{82B19D4E-C20E-49DA-ACA6-BE918A29279F}"
EndProject
Project("{2150E333-8FDC-42A3-9474-1A3956D46DE8}") = "Tests", "Tests", "{09F6101E-D4C7-4DB5-9E78-6D35C3613A76}"
EndProject
Project("{9A19103F-16F7-4668-BE54-9A1E7A4F7556}") = "HMA.BLL.Tier1.Tests", "HMA.BLL.Tier1.Tests\HMA.BLL.Tier1.Tests.csproj", "{64284B78-31EB-489E-A00D-012BA589E9B5}"
EndProject
Project("{9A19103F-16F7-4668-BE54-9A1E7A4F7556}") = "HMA.BLL.Tier2.Tests", "HMA.BLL.Tier2.Tests\HMA.BLL.Tier2.Tests.csproj", "{4F297504-BD79-4BEA-9213-2A9445DE6D90}"
EndProject
Project("{9A19103F-16F7-4668-BE54-9A1E7A4F7556}") = "HMA.BLL.Tier3.Tests", "HMA.BLL.Tier3.Tests\HMA.BLL.Tier3.Tests.csproj", "{D0819529-6D60-4097-821C-48D324AB0EDE}"
EndProject
Project("{9A19103F-16F7-4668-BE54-9A1E7A4F7556}") = "HMA.DAL.Tests", "HMA.DAL.Tests\HMA.DAL.Tests.csproj", "{68889111-7BD3-4EA8-9CEA-2A90E7B9D6A7}"
EndProject
Project("{9A19103F-16F7-4668-BE54-9A1E7A4F7556}") = "HMA.DTO.Models.Tests", "HMA.DTO.Models.Tests\HMA.DTO.Models.Tests.csproj", "{FBE16C15-D8EB-4B09-A8B1-21898D695FD4}"
EndProject
Project("{FAE04EC0-301F-11D3-BF4B-00C04F79EFBC}") = "HMA.AutoMapper.Tests", "HMA.AutoMapper.Tests\HMA.AutoMapper.Tests.csproj", "{1F26D0F9-C5FD-44FD-B2BD-06B4A4B1E172}"
EndProject
Global
	GlobalSection(SolutionConfigurationPlatforms) = preSolution
		Debug|Any CPU = Debug|Any CPU
		Release|Any CPU = Release|Any CPU
	EndGlobalSection
	GlobalSection(ProjectConfigurationPlatforms) = postSolution
		{807E1CB9-48E0-467A-9E29-AF564BD8D55D}.Debug|Any CPU.ActiveCfg = Debug|Any CPU
		{807E1CB9-48E0-467A-9E29-AF564BD8D55D}.Debug|Any CPU.Build.0 = Debug|Any CPU
		{807E1CB9-48E0-467A-9E29-AF564BD8D55D}.Release|Any CPU.ActiveCfg = Release|Any CPU
		{807E1CB9-48E0-467A-9E29-AF564BD8D55D}.Release|Any CPU.Build.0 = Release|Any CPU
		{53538946-0C92-40DD-A8CD-EF38E7AC3718}.Debug|Any CPU.ActiveCfg = Debug|Any CPU
		{53538946-0C92-40DD-A8CD-EF38E7AC3718}.Debug|Any CPU.Build.0 = Debug|Any CPU
		{53538946-0C92-40DD-A8CD-EF38E7AC3718}.Release|Any CPU.ActiveCfg = Release|Any CPU
		{53538946-0C92-40DD-A8CD-EF38E7AC3718}.Release|Any CPU.Build.0 = Release|Any CPU
		{6512F612-46DF-4A74-9649-6F682384579A}.Debug|Any CPU.ActiveCfg = Debug|Any CPU
		{6512F612-46DF-4A74-9649-6F682384579A}.Debug|Any CPU.Build.0 = Debug|Any CPU
		{6512F612-46DF-4A74-9649-6F682384579A}.Release|Any CPU.ActiveCfg = Release|Any CPU
		{6512F612-46DF-4A74-9649-6F682384579A}.Release|Any CPU.Build.0 = Release|Any CPU
		{9C5FB9B5-571B-4687-A1F9-8DEB59FC81E6}.Debug|Any CPU.ActiveCfg = Debug|Any CPU
		{9C5FB9B5-571B-4687-A1F9-8DEB59FC81E6}.Debug|Any CPU.Build.0 = Debug|Any CPU
		{9C5FB9B5-571B-4687-A1F9-8DEB59FC81E6}.Release|Any CPU.ActiveCfg = Release|Any CPU
		{9C5FB9B5-571B-4687-A1F9-8DEB59FC81E6}.Release|Any CPU.Build.0 = Release|Any CPU
		{E219E1E8-1DC1-423D-9386-BD48E6226C67}.Debug|Any CPU.ActiveCfg = Debug|Any CPU
		{E219E1E8-1DC1-423D-9386-BD48E6226C67}.Debug|Any CPU.Build.0 = Debug|Any CPU
		{E219E1E8-1DC1-423D-9386-BD48E6226C67}.Release|Any CPU.ActiveCfg = Release|Any CPU
		{E219E1E8-1DC1-423D-9386-BD48E6226C67}.Release|Any CPU.Build.0 = Release|Any CPU
		{52EDC4D9-2C5B-48DA-8F2C-47804A07E466}.Debug|Any CPU.ActiveCfg = Debug|Any CPU
		{52EDC4D9-2C5B-48DA-8F2C-47804A07E466}.Debug|Any CPU.Build.0 = Debug|Any CPU
		{52EDC4D9-2C5B-48DA-8F2C-47804A07E466}.Release|Any CPU.ActiveCfg = Release|Any CPU
		{52EDC4D9-2C5B-48DA-8F2C-47804A07E466}.Release|Any CPU.Build.0 = Release|Any CPU
		{C64CBB03-3EEC-4FBC-A537-3930090976A2}.Debug|Any CPU.ActiveCfg = Debug|Any CPU
		{C64CBB03-3EEC-4FBC-A537-3930090976A2}.Debug|Any CPU.Build.0 = Debug|Any CPU
		{C64CBB03-3EEC-4FBC-A537-3930090976A2}.Release|Any CPU.ActiveCfg = Release|Any CPU
		{C64CBB03-3EEC-4FBC-A537-3930090976A2}.Release|Any CPU.Build.0 = Release|Any CPU
		{8F4E5167-A7E9-4B47-88DD-13E3E5DF3FFB}.Debug|Any CPU.ActiveCfg = Debug|Any CPU
		{8F4E5167-A7E9-4B47-88DD-13E3E5DF3FFB}.Debug|Any CPU.Build.0 = Debug|Any CPU
		{8F4E5167-A7E9-4B47-88DD-13E3E5DF3FFB}.Release|Any CPU.ActiveCfg = Release|Any CPU
		{8F4E5167-A7E9-4B47-88DD-13E3E5DF3FFB}.Release|Any CPU.Build.0 = Release|Any CPU
		{497C5C90-04E3-4A6B-B38B-4A661F83552A}.Debug|Any CPU.ActiveCfg = Debug|Any CPU
		{497C5C90-04E3-4A6B-B38B-4A661F83552A}.Debug|Any CPU.Build.0 = Debug|Any CPU
		{497C5C90-04E3-4A6B-B38B-4A661F83552A}.Release|Any CPU.ActiveCfg = Release|Any CPU
		{497C5C90-04E3-4A6B-B38B-4A661F83552A}.Release|Any CPU.Build.0 = Release|Any CPU
		{82B19D4E-C20E-49DA-ACA6-BE918A29279F}.Debug|Any CPU.ActiveCfg = Debug|Any CPU
		{82B19D4E-C20E-49DA-ACA6-BE918A29279F}.Debug|Any CPU.Build.0 = Debug|Any CPU
		{82B19D4E-C20E-49DA-ACA6-BE918A29279F}.Release|Any CPU.ActiveCfg = Release|Any CPU
		{82B19D4E-C20E-49DA-ACA6-BE918A29279F}.Release|Any CPU.Build.0 = Release|Any CPU
		{64284B78-31EB-489E-A00D-012BA589E9B5}.Debug|Any CPU.ActiveCfg = Debug|Any CPU
		{64284B78-31EB-489E-A00D-012BA589E9B5}.Debug|Any CPU.Build.0 = Debug|Any CPU
		{64284B78-31EB-489E-A00D-012BA589E9B5}.Release|Any CPU.ActiveCfg = Release|Any CPU
		{64284B78-31EB-489E-A00D-012BA589E9B5}.Release|Any CPU.Build.0 = Release|Any CPU
		{4F297504-BD79-4BEA-9213-2A9445DE6D90}.Debug|Any CPU.ActiveCfg = Debug|Any CPU
		{4F297504-BD79-4BEA-9213-2A9445DE6D90}.Debug|Any CPU.Build.0 = Debug|Any CPU
		{4F297504-BD79-4BEA-9213-2A9445DE6D90}.Release|Any CPU.ActiveCfg = Release|Any CPU
		{4F297504-BD79-4BEA-9213-2A9445DE6D90}.Release|Any CPU.Build.0 = Release|Any CPU
		{D0819529-6D60-4097-821C-48D324AB0EDE}.Debug|Any CPU.ActiveCfg = Debug|Any CPU
		{D0819529-6D60-4097-821C-48D324AB0EDE}.Debug|Any CPU.Build.0 = Debug|Any CPU
		{D0819529-6D60-4097-821C-48D324AB0EDE}.Release|Any CPU.ActiveCfg = Release|Any CPU
		{D0819529-6D60-4097-821C-48D324AB0EDE}.Release|Any CPU.Build.0 = Release|Any CPU
		{68889111-7BD3-4EA8-9CEA-2A90E7B9D6A7}.Debug|Any CPU.ActiveCfg = Debug|Any CPU
		{68889111-7BD3-4EA8-9CEA-2A90E7B9D6A7}.Debug|Any CPU.Build.0 = Debug|Any CPU
		{68889111-7BD3-4EA8-9CEA-2A90E7B9D6A7}.Release|Any CPU.ActiveCfg = Release|Any CPU
		{68889111-7BD3-4EA8-9CEA-2A90E7B9D6A7}.Release|Any CPU.Build.0 = Release|Any CPU
		{FBE16C15-D8EB-4B09-A8B1-21898D695FD4}.Debug|Any CPU.ActiveCfg = Debug|Any CPU
		{FBE16C15-D8EB-4B09-A8B1-21898D695FD4}.Debug|Any CPU.Build.0 = Debug|Any CPU
		{FBE16C15-D8EB-4B09-A8B1-21898D695FD4}.Release|Any CPU.ActiveCfg = Release|Any CPU
		{FBE16C15-D8EB-4B09-A8B1-21898D695FD4}.Release|Any CPU.Build.0 = Release|Any CPU
		{1F26D0F9-C5FD-44FD-B2BD-06B4A4B1E172}.Debug|Any CPU.ActiveCfg = Debug|Any CPU
		{1F26D0F9-C5FD-44FD-B2BD-06B4A4B1E172}.Debug|Any CPU.Build.0 = Debug|Any CPU
		{1F26D0F9-C5FD-44FD-B2BD-06B4A4B1E172}.Release|Any CPU.ActiveCfg = Release|Any CPU
		{1F26D0F9-C5FD-44FD-B2BD-06B4A4B1E172}.Release|Any CPU.Build.0 = Release|Any CPU
	EndGlobalSection
	GlobalSection(SolutionProperties) = preSolution
		HideSolutionNode = FALSE
	EndGlobalSection
	GlobalSection(NestedProjects) = preSolution
		{64284B78-31EB-489E-A00D-012BA589E9B5} = {09F6101E-D4C7-4DB5-9E78-6D35C3613A76}
		{4F297504-BD79-4BEA-9213-2A9445DE6D90} = {09F6101E-D4C7-4DB5-9E78-6D35C3613A76}
		{D0819529-6D60-4097-821C-48D324AB0EDE} = {09F6101E-D4C7-4DB5-9E78-6D35C3613A76}
		{68889111-7BD3-4EA8-9CEA-2A90E7B9D6A7} = {09F6101E-D4C7-4DB5-9E78-6D35C3613A76}
		{FBE16C15-D8EB-4B09-A8B1-21898D695FD4} = {09F6101E-D4C7-4DB5-9E78-6D35C3613A76}
		{1F26D0F9-C5FD-44FD-B2BD-06B4A4B1E172} = {09F6101E-D4C7-4DB5-9E78-6D35C3613A76}
	EndGlobalSection
	GlobalSection(ExtensibilityGlobals) = postSolution
		SolutionGuid = {338E0F6D-6BD0-42D1-83F3-C37223002F21}
	EndGlobalSection
EndGlobal
